
Microsoft Visual Studio Solution File, Format Version 12.00
# Visual Studio Version 16
VisualStudioVersion = 16.0.29409.12
MinimumVisualStudioVersion = 10.0.40219.1
Project("{FAE04EC0-301F-11D3-BF4B-00C04F79EFBC}") = "ClassTest", "ClassTest\ClassTest.csproj", "{BAFDBE9B-3D11-412D-8D26-2999139027F7}"
EndProject
Global
	GlobalSection(SolutionConfigurationPlatforms) = preSolution
		Debug|Any CPU = Debug|Any CPU
		Release|Any CPU = Release|Any CPU
	EndGlobalSection
	GlobalSection(ProjectConfigurationPlatforms) = postSolution
		{BAFDBE9B-3D11-412D-8D26-2999139027F7}.Debug|Any CPU.ActiveCfg = Debug|Any CPU
		{BAFDBE9B-3D11-412D-8D26-2999139027F7}.Debug|Any CPU.Build.0 = Debug|Any CPU
		{BAFDBE9B-3D11-412D-8D26-2999139027F7}.Release|Any CPU.ActiveCfg = Release|Any CPU
		{BAFDBE9B-3D11-412D-8D26-2999139027F7}.Release|Any CPU.Build.0 = Release|Any CPU
	EndGlobalSection
	GlobalSection(SolutionProperties) = preSolution
		HideSolutionNode = FALSE
	EndGlobalSection
	GlobalSection(ExtensibilityGlobals) = postSolution
		SolutionGuid = {BD4F448E-73A5-4724-9D3F-C5941FF193D0}
	EndGlobalSection
EndGlobal
