
Microsoft Visual Studio Solution File, Format Version 12.00
# Visual Studio Version 16
VisualStudioVersion = 16.0.29409.12
MinimumVisualStudioVersion = 10.0.40219.1
Project("{FAE04EC0-301F-11D3-BF4B-00C04F79EFBC}") = "CIMObjects", "CIMObjects\CIMObjects.csproj", "{8E115572-651F-45DC-9BB7-05AD3A72993C}"
EndProject
Global
	GlobalSection(SolutionConfigurationPlatforms) = preSolution
		Debug|Any CPU = Debug|Any CPU
		Release|Any CPU = Release|Any CPU
	EndGlobalSection
	GlobalSection(ProjectConfigurationPlatforms) = postSolution
		{8E115572-651F-45DC-9BB7-05AD3A72993C}.Debug|Any CPU.ActiveCfg = Debug|Any CPU
		{8E115572-651F-45DC-9BB7-05AD3A72993C}.Debug|Any CPU.Build.0 = Debug|Any CPU
		{8E115572-651F-45DC-9BB7-05AD3A72993C}.Release|Any CPU.ActiveCfg = Release|Any CPU
		{8E115572-651F-45DC-9BB7-05AD3A72993C}.Release|Any CPU.Build.0 = Release|Any CPU
	EndGlobalSection
	GlobalSection(SolutionProperties) = preSolution
		HideSolutionNode = FALSE
	EndGlobalSection
	GlobalSection(ExtensibilityGlobals) = postSolution
		SolutionGuid = {08C83607-AB5A-44EC-ABFF-CFC3430FDD27}
	EndGlobalSection
EndGlobal
